
Microsoft Visual Studio Solution File, Format Version 12.00
# Visual Studio Version 16
VisualStudioVersion = 16.0.30516.212
MinimumVisualStudioVersion = 10.0.40219.1
Project("{FAE04EC0-301F-11D3-BF4B-00C04F79EFBC}") = "BasicLang", "BasicLang\BasicLang.csproj", "{0A46354B-C64F-4A71-B155-BF6827D60B9A}"
EndProject
Global
	GlobalSection(SolutionConfigurationPlatforms) = preSolution
		Debug|Any CPU = Debug|Any CPU
		Release|Any CPU = Release|Any CPU
	EndGlobalSection
	GlobalSection(ProjectConfigurationPlatforms) = postSolution
		{0A46354B-C64F-4A71-B155-BF6827D60B9A}.Debug|Any CPU.ActiveCfg = Debug|Any CPU
		{0A46354B-C64F-4A71-B155-BF6827D60B9A}.Debug|Any CPU.Build.0 = Debug|Any CPU
		{0A46354B-C64F-4A71-B155-BF6827D60B9A}.Release|Any CPU.ActiveCfg = Release|Any CPU
		{0A46354B-C64F-4A71-B155-BF6827D60B9A}.Release|Any CPU.Build.0 = Release|Any CPU
	EndGlobalSection
	GlobalSection(SolutionProperties) = preSolution
		HideSolutionNode = FALSE
	EndGlobalSection
	GlobalSection(ExtensibilityGlobals) = postSolution
		SolutionGuid = {D7D41648-569C-481A-B4C4-1997B1D74C70}
	EndGlobalSection
EndGlobal
